// !$*UTF8*$!
{
	archiveVersion = 1;
	classes = {
	};
	objectVersion = 51;
	objects = {

/* Begin PBXBuildFile section */
		05076ACF24E2319B00A6A8DA /* UIButtonExtension.swift in Sources */ = {isa = PBXBuildFile; fileRef = 05076ACE24E2319B00A6A8DA /* UIButtonExtension.swift */; };
		0510770A2464ECFC0050D75F /* ToDoItemCell.swift in Sources */ = {isa = PBXBuildFile; fileRef = 051077082464ECFC0050D75F /* ToDoItemCell.swift */; };
		0510770B2464ECFC0050D75F /* ToDoItemCell.xib in Resources */ = {isa = PBXBuildFile; fileRef = 051077092464ECFC0050D75F /* ToDoItemCell.xib */; };
		0510770D2464F2B50050D75F /* EditViewController.swift in Sources */ = {isa = PBXBuildFile; fileRef = 0510770C2464F2B50050D75F /* EditViewController.swift */; };
		05CCF6F624644B4A002A524E /* AppDelegate.swift in Sources */ = {isa = PBXBuildFile; fileRef = 05CCF6F524644B4A002A524E /* AppDelegate.swift */; };
		05CCF6F824644B4A002A524E /* SceneDelegate.swift in Sources */ = {isa = PBXBuildFile; fileRef = 05CCF6F724644B4A002A524E /* SceneDelegate.swift */; };
		05CCF6FA24644B4A002A524E /* ViewController.swift in Sources */ = {isa = PBXBuildFile; fileRef = 05CCF6F924644B4A002A524E /* ViewController.swift */; };
		05CCF6FD24644B4A002A524E /* Main.storyboard in Resources */ = {isa = PBXBuildFile; fileRef = 05CCF6FB24644B4A002A524E /* Main.storyboard */; };
		05CCF6FF24644B4B002A524E /* Assets.xcassets in Resources */ = {isa = PBXBuildFile; fileRef = 05CCF6FE24644B4B002A524E /* Assets.xcassets */; };
		05CCF70224644B4B002A524E /* LaunchScreen.storyboard in Resources */ = {isa = PBXBuildFile; fileRef = 05CCF70024644B4B002A524E /* LaunchScreen.storyboard */; };
		05F937282464E31E00470DAD /* ToDoModel.swift in Sources */ = {isa = PBXBuildFile; fileRef = 05F937272464E31E00470DAD /* ToDoModel.swift */; };
		A68CAEF8852C2AA4F3A61585 /* Pods_TinderToDo.framework in Frameworks */ = {isa = PBXBuildFile; fileRef = 89E3281374AA6DC736CD451D /* Pods_TinderToDo.framework */; };
/* End PBXBuildFile section */

/* Begin PBXFileReference section */
		05076ACE24E2319B00A6A8DA /* UIButtonExtension.swift */ = {isa = PBXFileReference; lastKnownFileType = sourcecode.swift; path = UIButtonExtension.swift; sourceTree = "<group>"; };
		051077082464ECFC0050D75F /* ToDoItemCell.swift */ = {isa = PBXFileReference; lastKnownFileType = sourcecode.swift; path = ToDoItemCell.swift; sourceTree = "<group>"; };
		051077092464ECFC0050D75F /* ToDoItemCell.xib */ = {isa = PBXFileReference; lastKnownFileType = file.xib; path = ToDoItemCell.xib; sourceTree = "<group>"; };
		0510770C2464F2B50050D75F /* EditViewController.swift */ = {isa = PBXFileReference; lastKnownFileType = sourcecode.swift; path = EditViewController.swift; sourceTree = "<group>"; };
		05CCF6F224644B4A002A524E /* TinderToDo.app */ = {isa = PBXFileReference; explicitFileType = wrapper.application; includeInIndex = 0; path = TinderToDo.app; sourceTree = BUILT_PRODUCTS_DIR; };
		05CCF6F524644B4A002A524E /* AppDelegate.swift */ = {isa = PBXFileReference; lastKnownFileType = sourcecode.swift; path = AppDelegate.swift; sourceTree = "<group>"; };
		05CCF6F724644B4A002A524E /* SceneDelegate.swift */ = {isa = PBXFileReference; lastKnownFileType = sourcecode.swift; path = SceneDelegate.swift; sourceTree = "<group>"; };
		05CCF6F924644B4A002A524E /* ViewController.swift */ = {isa = PBXFileReference; lastKnownFileType = sourcecode.swift; path = ViewController.swift; sourceTree = "<group>"; };
		05CCF6FC24644B4A002A524E /* Base */ = {isa = PBXFileReference; lastKnownFileType = file.storyboard; name = Base; path = Base.lproj/Main.storyboard; sourceTree = "<group>"; };
		05CCF6FE24644B4B002A524E /* Assets.xcassets */ = {isa = PBXFileReference; lastKnownFileType = folder.assetcatalog; path = Assets.xcassets; sourceTree = "<group>"; };
		05CCF70124644B4B002A524E /* Base */ = {isa = PBXFileReference; lastKnownFileType = file.storyboard; name = Base; path = Base.lproj/LaunchScreen.storyboard; sourceTree = "<group>"; };
		05CCF70324644B4B002A524E /* Info.plist */ = {isa = PBXFileReference; lastKnownFileType = text.plist.xml; path = Info.plist; sourceTree = "<group>"; };
		05F937272464E31E00470DAD /* ToDoModel.swift */ = {isa = PBXFileReference; lastKnownFileType = sourcecode.swift; path = ToDoModel.swift; sourceTree = "<group>"; };
		89E3281374AA6DC736CD451D /* Pods_TinderToDo.framework */ = {isa = PBXFileReference; explicitFileType = wrapper.framework; includeInIndex = 0; path = Pods_TinderToDo.framework; sourceTree = BUILT_PRODUCTS_DIR; };
		AD61B35D7E752B8B9FFBF464 /* Pods-TinderToDo.debug.xcconfig */ = {isa = PBXFileReference; includeInIndex = 1; lastKnownFileType = text.xcconfig; name = "Pods-TinderToDo.debug.xcconfig"; path = "Target Support Files/Pods-TinderToDo/Pods-TinderToDo.debug.xcconfig"; sourceTree = "<group>"; };
		C226CA9E48F4A55ED6C8C529 /* Pods-TinderToDo.release.xcconfig */ = {isa = PBXFileReference; includeInIndex = 1; lastKnownFileType = text.xcconfig; name = "Pods-TinderToDo.release.xcconfig"; path = "Target Support Files/Pods-TinderToDo/Pods-TinderToDo.release.xcconfig"; sourceTree = "<group>"; };
/* End PBXFileReference section */

/* Begin PBXFrameworksBuildPhase section */
		05CCF6EF24644B4A002A524E /* Frameworks */ = {
			isa = PBXFrameworksBuildPhase;
			buildActionMask = 2147483647;
			files = (
				A68CAEF8852C2AA4F3A61585 /* Pods_TinderToDo.framework in Frameworks */,
			);
			runOnlyForDeploymentPostprocessing = 0;
		};
/* End PBXFrameworksBuildPhase section */

/* Begin PBXGroup section */
		05076ACD24E2317500A6A8DA /* Extension */ = {
			isa = PBXGroup;
			children = (
				05076ACE24E2319B00A6A8DA /* UIButtonExtension.swift */,
			);
			name = Extension;
			sourceTree = "<group>";
		};
		05CCF6E924644B4A002A524E = {
			isa = PBXGroup;
			children = (
				05CCF6F424644B4A002A524E /* TinderToDo */,
				05CCF6F324644B4A002A524E /* Products */,
				6BC28039DA9C1E72E46C6865 /* Pods */,
				66A35DFB076044FAFBB973A0 /* Frameworks */,
			);
			sourceTree = "<group>";
		};
		05CCF6F324644B4A002A524E /* Products */ = {
			isa = PBXGroup;
			children = (
				05CCF6F224644B4A002A524E /* TinderToDo.app */,
			);
			name = Products;
			sourceTree = "<group>";
		};
		05CCF6F424644B4A002A524E /* TinderToDo */ = {
			isa = PBXGroup;
			children = (
				05F937262464E2E800470DAD /* View */,
				05F937252464E2D000470DAD /* Model */,
				05CCF70A24644B66002A524E /* StoryBoards */,
				05CCF70924644B5A002A524E /* Delegates */,
				05076ACD24E2317500A6A8DA /* Extension */,
				05CCF6FE24644B4B002A524E /* Assets.xcassets */,
				05CCF70324644B4B002A524E /* Info.plist */,
			);
			path = TinderToDo;
			sourceTree = "<group>";
		};
		05CCF70924644B5A002A524E /* Delegates */ = {
			isa = PBXGroup;
			children = (
				05CCF6F524644B4A002A524E /* AppDelegate.swift */,
				05CCF6F724644B4A002A524E /* SceneDelegate.swift */,
			);
			name = Delegates;
			sourceTree = "<group>";
		};
		05CCF70A24644B66002A524E /* StoryBoards */ = {
			isa = PBXGroup;
			children = (
				05CCF6FB24644B4A002A524E /* Main.storyboard */,
				05CCF70024644B4B002A524E /* LaunchScreen.storyboard */,
			);
			path = StoryBoards;
			sourceTree = "<group>";
		};
		05F937252464E2D000470DAD /* Model */ = {
			isa = PBXGroup;
			children = (
				05F937272464E31E00470DAD /* ToDoModel.swift */,
				051077082464ECFC0050D75F /* ToDoItemCell.swift */,
				051077092464ECFC0050D75F /* ToDoItemCell.xib */,
			);
			path = Model;
			sourceTree = "<group>";
		};
		05F937262464E2E800470DAD /* View */ = {
			isa = PBXGroup;
			children = (
				05CCF6F924644B4A002A524E /* ViewController.swift */,
				0510770C2464F2B50050D75F /* EditViewController.swift */,
			);
			path = View;
			sourceTree = "<group>";
		};
		66A35DFB076044FAFBB973A0 /* Frameworks */ = {
			isa = PBXGroup;
			children = (
				89E3281374AA6DC736CD451D /* Pods_TinderToDo.framework */,
			);
			name = Frameworks;
			sourceTree = "<group>";
		};
		6BC28039DA9C1E72E46C6865 /* Pods */ = {
			isa = PBXGroup;
			children = (
				AD61B35D7E752B8B9FFBF464 /* Pods-TinderToDo.debug.xcconfig */,
				C226CA9E48F4A55ED6C8C529 /* Pods-TinderToDo.release.xcconfig */,
			);
			path = Pods;
			sourceTree = "<group>";
		};
/* End PBXGroup section */

/* Begin PBXNativeTarget section */
		05CCF6F124644B4A002A524E /* TinderToDo */ = {
			isa = PBXNativeTarget;
			buildConfigurationList = 05CCF70624644B4B002A524E /* Build configuration list for PBXNativeTarget "TinderToDo" */;
			buildPhases = (
				E5BC11FD3589401180230C8D /* [CP] Check Pods Manifest.lock */,
				05CCF6EE24644B4A002A524E /* Sources */,
				05CCF6EF24644B4A002A524E /* Frameworks */,
				05CCF6F024644B4A002A524E /* Resources */,
				1BC8A4A1859192ED7E92D710 /* [CP] Embed Pods Frameworks */,
			);
			buildRules = (
			);
			dependencies = (
			);
			name = TinderToDo;
			productName = TinderToDo;
			productReference = 05CCF6F224644B4A002A524E /* TinderToDo.app */;
			productType = "com.apple.product-type.application";
		};
/* End PBXNativeTarget section */

/* Begin PBXProject section */
		05CCF6EA24644B4A002A524E /* Project object */ = {
			isa = PBXProject;
			attributes = {
				LastSwiftUpdateCheck = 1140;
				LastUpgradeCheck = 1140;
				ORGANIZATIONNAME = "Narumi Nogawa";
				TargetAttributes = {
					05CCF6F124644B4A002A524E = {
						CreatedOnToolsVersion = 11.4.1;
					};
				};
			};
			buildConfigurationList = 05CCF6ED24644B4A002A524E /* Build configuration list for PBXProject "TinderToDo" */;
			compatibilityVersion = "Xcode 9.3";
			developmentRegion = en;
			hasScannedForEncodings = 0;
			knownRegions = (
				en,
				Base,
			);
			mainGroup = 05CCF6E924644B4A002A524E;
			productRefGroup = 05CCF6F324644B4A002A524E /* Products */;
			projectDirPath = "";
			projectRoot = "";
			targets = (
				05CCF6F124644B4A002A524E /* TinderToDo */,
			);
		};
/* End PBXProject section */

/* Begin PBXResourcesBuildPhase section */
		05CCF6F024644B4A002A524E /* Resources */ = {
			isa = PBXResourcesBuildPhase;
			buildActionMask = 2147483647;
			files = (
				05CCF70224644B4B002A524E /* LaunchScreen.storyboard in Resources */,
				05CCF6FF24644B4B002A524E /* Assets.xcassets in Resources */,
				0510770B2464ECFC0050D75F /* ToDoItemCell.xib in Resources */,
				05CCF6FD24644B4A002A524E /* Main.storyboard in Resources */,
			);
			runOnlyForDeploymentPostprocessing = 0;
		};
/* End PBXResourcesBuildPhase section */

/* Begin PBXShellScriptBuildPhase section */
		1BC8A4A1859192ED7E92D710 /* [CP] Embed Pods Frameworks */ = {
			isa = PBXShellScriptBuildPhase;
			buildActionMask = 2147483647;
			files = (
			);
			inputFileListPaths = (
				"${PODS_ROOT}/Target Support Files/Pods-TinderToDo/Pods-TinderToDo-frameworks-${CONFIGURATION}-input-files.xcfilelist",
			);
			name = "[CP] Embed Pods Frameworks";
			outputFileListPaths = (
				"${PODS_ROOT}/Target Support Files/Pods-TinderToDo/Pods-TinderToDo-frameworks-${CONFIGURATION}-output-files.xcfilelist",
			);
			runOnlyForDeploymentPostprocessing = 0;
			shellPath = /bin/sh;
			shellScript = "\"${PODS_ROOT}/Target Support Files/Pods-TinderToDo/Pods-TinderToDo-frameworks.sh\"\n";
			showEnvVarsInLog = 0;
		};
		E5BC11FD3589401180230C8D /* [CP] Check Pods Manifest.lock */ = {
			isa = PBXShellScriptBuildPhase;
			buildActionMask = 2147483647;
			files = (
			);
			inputFileListPaths = (
			);
			inputPaths = (
				"${PODS_PODFILE_DIR_PATH}/Podfile.lock",
				"${PODS_ROOT}/Manifest.lock",
			);
			name = "[CP] Check Pods Manifest.lock";
			outputFileListPaths = (
			);
			outputPaths = (
				"$(DERIVED_FILE_DIR)/Pods-TinderToDo-checkManifestLockResult.txt",
			);
			runOnlyForDeploymentPostprocessing = 0;
			shellPath = /bin/sh;
			shellScript = "diff \"${PODS_PODFILE_DIR_PATH}/Podfile.lock\" \"${PODS_ROOT}/Manifest.lock\" > /dev/null\nif [ $? != 0 ] ; then\n    # print error to STDERR\n    echo \"error: The sandbox is not in sync with the Podfile.lock. Run 'pod install' or update your CocoaPods installation.\" >&2\n    exit 1\nfi\n# This output is used by Xcode 'outputs' to avoid re-running this script phase.\necho \"SUCCESS\" > \"${SCRIPT_OUTPUT_FILE_0}\"\n";
			showEnvVarsInLog = 0;
		};
/* End PBXShellScriptBuildPhase section */

/* Begin PBXSourcesBuildPhase section */
		05CCF6EE24644B4A002A524E /* Sources */ = {
			isa = PBXSourcesBuildPhase;
			buildActionMask = 2147483647;
			files = (
				05CCF6FA24644B4A002A524E /* ViewController.swift in Sources */,
				0510770A2464ECFC0050D75F /* ToDoItemCell.swift in Sources */,
				0510770D2464F2B50050D75F /* EditViewController.swift in Sources */,
				05F937282464E31E00470DAD /* ToDoModel.swift in Sources */,
				05076ACF24E2319B00A6A8DA /* UIButtonExtension.swift in Sources */,
				05CCF6F624644B4A002A524E /* AppDelegate.swift in Sources */,
				05CCF6F824644B4A002A524E /* SceneDelegate.swift in Sources */,
			);
			runOnlyForDeploymentPostprocessing = 0;
		};
/* End PBXSourcesBuildPhase section */

/* Begin PBXVariantGroup section */
		05CCF6FB24644B4A002A524E /* Main.storyboard */ = {
			isa = PBXVariantGroup;
			children = (
				05CCF6FC24644B4A002A524E /* Base */,
			);
			name = Main.storyboard;
			sourceTree = "<group>";
		};
		05CCF70024644B4B002A524E /* LaunchScreen.storyboard */ = {
			isa = PBXVariantGroup;
			children = (
				05CCF70124644B4B002A524E /* Base */,
			);
			name = LaunchScreen.storyboard;
			sourceTree = "<group>";
		};
/* End PBXVariantGroup section */

/* Begin XCBuildConfiguration section */
		05CCF70424644B4B002A524E /* Debug */ = {
			isa = XCBuildConfiguration;
			buildSettings = {
				ALWAYS_SEARCH_USER_PATHS = NO;
				CLANG_ANALYZER_NONNULL = YES;
				CLANG_ANALYZER_NUMBER_OBJECT_CONVERSION = YES_AGGRESSIVE;
				CLANG_CXX_LANGUAGE_STANDARD = "gnu++14";
				CLANG_CXX_LIBRARY = "libc++";
				CLANG_ENABLE_MODULES = YES;
				CLANG_ENABLE_OBJC_ARC = YES;
				CLANG_ENABLE_OBJC_WEAK = YES;
				CLANG_WARN_BLOCK_CAPTURE_AUTORELEASING = YES;
				CLANG_WARN_BOOL_CONVERSION = YES;
				CLANG_WARN_COMMA = YES;
				CLANG_WARN_CONSTANT_CONVERSION = YES;
				CLANG_WARN_DEPRECATED_OBJC_IMPLEMENTATIONS = YES;
				CLANG_WARN_DIRECT_OBJC_ISA_USAGE = YES_ERROR;
				CLANG_WARN_DOCUMENTATION_COMMENTS = YES;
				CLANG_WARN_EMPTY_BODY = YES;
				CLANG_WARN_ENUM_CONVERSION = YES;
				CLANG_WARN_INFINITE_RECURSION = YES;
				CLANG_WARN_INT_CONVERSION = YES;
				CLANG_WARN_NON_LITERAL_NULL_CONVERSION = YES;
				CLANG_WARN_OBJC_IMPLICIT_RETAIN_SELF = YES;
				CLANG_WARN_OBJC_LITERAL_CONVERSION = YES;
				CLANG_WARN_OBJC_ROOT_CLASS = YES_ERROR;
				CLANG_WARN_RANGE_LOOP_ANALYSIS = YES;
				CLANG_WARN_STRICT_PROTOTYPES = YES;
				CLANG_WARN_SUSPICIOUS_MOVE = YES;
				CLANG_WARN_UNGUARDED_AVAILABILITY = YES_AGGRESSIVE;
				CLANG_WARN_UNREACHABLE_CODE = YES;
				CLANG_WARN__DUPLICATE_METHOD_MATCH = YES;
				COPY_PHASE_STRIP = NO;
				DEBUG_INFORMATION_FORMAT = dwarf;
				ENABLE_STRICT_OBJC_MSGSEND = YES;
				ENABLE_TESTABILITY = YES;
				GCC_C_LANGUAGE_STANDARD = gnu11;
				GCC_DYNAMIC_NO_PIC = NO;
				GCC_NO_COMMON_BLOCKS = YES;
				GCC_OPTIMIZATION_LEVEL = 0;
				GCC_PREPROCESSOR_DEFINITIONS = (
					"DEBUG=1",
					"$(inherited)",
				);
				GCC_WARN_64_TO_32_BIT_CONVERSION = YES;
				GCC_WARN_ABOUT_RETURN_TYPE = YES_ERROR;
				GCC_WARN_UNDECLARED_SELECTOR = YES;
				GCC_WARN_UNINITIALIZED_AUTOS = YES_AGGRESSIVE;
				GCC_WARN_UNUSED_FUNCTION = YES;
				GCC_WARN_UNUSED_VARIABLE = YES;
				IPHONEOS_DEPLOYMENT_TARGET = 13.4;
				MTL_ENABLE_DEBUG_INFO = INCLUDE_SOURCE;
				MTL_FAST_MATH = YES;
				ONLY_ACTIVE_ARCH = YES;
				SDKROOT = iphoneos;
				SWIFT_ACTIVE_COMPILATION_CONDITIONS = DEBUG;
				SWIFT_OPTIMIZATION_LEVEL = "-Onone";
			};
			name = Debug;
		};
		05CCF70524644B4B002A524E /* Release */ = {
			isa = XCBuildConfiguration;
			buildSettings = {
				ALWAYS_SEARCH_USER_PATHS = NO;
				CLANG_ANALYZER_NONNULL = YES;
				CLANG_ANALYZER_NUMBER_OBJECT_CONVERSION = YES_AGGRESSIVE;
				CLANG_CXX_LANGUAGE_STANDARD = "gnu++14";
				CLANG_CXX_LIBRARY = "libc++";
				CLANG_ENABLE_MODULES = YES;
				CLANG_ENABLE_OBJC_ARC = YES;
				CLANG_ENABLE_OBJC_WEAK = YES;
				CLANG_WARN_BLOCK_CAPTURE_AUTORELEASING = YES;
				CLANG_WARN_BOOL_CONVERSION = YES;
				CLANG_WARN_COMMA = YES;
				CLANG_WARN_CONSTANT_CONVERSION = YES;
				CLANG_WARN_DEPRECATED_OBJC_IMPLEMENTATIONS = YES;
				CLANG_WARN_DIRECT_OBJC_ISA_USAGE = YES_ERROR;
				CLANG_WARN_DOCUMENTATION_COMMENTS = YES;
				CLANG_WARN_EMPTY_BODY = YES;
				CLANG_WARN_ENUM_CONVERSION = YES;
				CLANG_WARN_INFINITE_RECURSION = YES;
				CLANG_WARN_INT_CONVERSION = YES;
				CLANG_WARN_NON_LITERAL_NULL_CONVERSION = YES;
				CLANG_WARN_OBJC_IMPLICIT_RETAIN_SELF = YES;
				CLANG_WARN_OBJC_LITERAL_CONVERSION = YES;
				CLANG_WARN_OBJC_ROOT_CLASS = YES_ERROR;
				CLANG_WARN_RANGE_LOOP_ANALYSIS = YES;
				CLANG_WARN_STRICT_PROTOTYPES = YES;
				CLANG_WARN_SUSPICIOUS_MOVE = YES;
				CLANG_WARN_UNGUARDED_AVAILABILITY = YES_AGGRESSIVE;
				CLANG_WARN_UNREACHABLE_CODE = YES;
				CLANG_WARN__DUPLICATE_METHOD_MATCH = YES;
				COPY_PHASE_STRIP = NO;
				DEBUG_INFORMATION_FORMAT = "dwarf-with-dsym";
				ENABLE_NS_ASSERTIONS = NO;
				ENABLE_STRICT_OBJC_MSGSEND = YES;
				GCC_C_LANGUAGE_STANDARD = gnu11;
				GCC_NO_COMMON_BLOCKS = YES;
				GCC_WARN_64_TO_32_BIT_CONVERSION = YES;
				GCC_WARN_ABOUT_RETURN_TYPE = YES_ERROR;
				GCC_WARN_UNDECLARED_SELECTOR = YES;
				GCC_WARN_UNINITIALIZED_AUTOS = YES_AGGRESSIVE;
				GCC_WARN_UNUSED_FUNCTION = YES;
				GCC_WARN_UNUSED_VARIABLE = YES;
				IPHONEOS_DEPLOYMENT_TARGET = 13.4;
				MTL_ENABLE_DEBUG_INFO = NO;
				MTL_FAST_MATH = YES;
				SDKROOT = iphoneos;
				SWIFT_COMPILATION_MODE = wholemodule;
				SWIFT_OPTIMIZATION_LEVEL = "-O";
				VALIDATE_PRODUCT = YES;
			};
			name = Release;
		};
		05CCF70724644B4B002A524E /* Debug */ = {
			isa = XCBuildConfiguration;
			baseConfigurationReference = AD61B35D7E752B8B9FFBF464 /* Pods-TinderToDo.debug.xcconfig */;
			buildSettings = {
				ASSETCATALOG_COMPILER_APPICON_NAME = AppIcon;
				CODE_SIGN_STYLE = Automatic;
				DEVELOPMENT_TEAM = UMBT5JZV43;
				INFOPLIST_FILE = TinderToDo/Info.plist;
				LD_RUNPATH_SEARCH_PATHS = (
					"$(inherited)",
					"@executable_path/Frameworks",
				);
				PRODUCT_BUNDLE_IDENTIFIER = com.example.kero0711tennis.TinderToDo;
				PRODUCT_NAME = "$(TARGET_NAME)";
				SWIFT_VERSION = 5.0;
				TARGETED_DEVICE_FAMILY = "1,2";
			};
			name = Debug;
		};
		05CCF70824644B4B002A524E /* Release */ = {
			isa = XCBuildConfiguration;
			baseConfigurationReference = C226CA9E48F4A55ED6C8C529 /* Pods-TinderToDo.release.xcconfig */;
			buildSettings = {
				ASSETCATALOG_COMPILER_APPICON_NAME = AppIcon;
				CODE_SIGN_STYLE = Automatic;
				DEVELOPMENT_TEAM = UMBT5JZV43;
				INFOPLIST_FILE = TinderToDo/Info.plist;
				LD_RUNPATH_SEARCH_PATHS = (
					"$(inherited)",
					"@executable_path/Frameworks",
				);
				PRODUCT_BUNDLE_IDENTIFIER = com.example.kero0711tennis.TinderToDo;
				PRODUCT_NAME = "$(TARGET_NAME)";
				SWIFT_VERSION = 5.0;
				TARGETED_DEVICE_FAMILY = "1,2";
			};
			name = Release;
		};
/* End XCBuildConfiguration section */

/* Begin XCConfigurationList section */
		05CCF6ED24644B4A002A524E /* Build configuration list for PBXProject "TinderToDo" */ = {
			isa = XCConfigurationList;
			buildConfigurations = (
				05CCF70424644B4B002A524E /* Debug */,
				05CCF70524644B4B002A524E /* Release */,
			);
			defaultConfigurationIsVisible = 0;
			defaultConfigurationName = Release;
		};
		05CCF70624644B4B002A524E /* Build configuration list for PBXNativeTarget "TinderToDo" */ = {
			isa = XCConfigurationList;
			buildConfigurations = (
				05CCF70724644B4B002A524E /* Debug */,
				05CCF70824644B4B002A524E /* Release */,
			);
			defaultConfigurationIsVisible = 0;
			defaultConfigurationName = Release;
		};
/* End XCConfigurationList section */
	};
	rootObject = 05CCF6EA24644B4A002A524E /* Project object */;
}
